
Microsoft Visual Studio Solution File, Format Version 12.00
# Visual Studio Version 17
VisualStudioVersion = 17.8.34511.84
MinimumVisualStudioVersion = 10.0.40219.1
Project("{FAE04EC0-301F-11D3-BF4B-00C04F79EFBC}") = "HelloWorld1", "HelloWorld1\HelloWorld1.csproj", "{EFC3DDBE-EB58-4326-96CB-8EE1D400AC52}"
EndProject
Global
	GlobalSection(SolutionConfigurationPlatforms) = preSolution
		Debug|Any CPU = Debug|Any CPU
		Release|Any CPU = Release|Any CPU
	EndGlobalSection
	GlobalSection(ProjectConfigurationPlatforms) = postSolution
		{EFC3DDBE-EB58-4326-96CB-8EE1D400AC52}.Debug|Any CPU.ActiveCfg = Debug|Any CPU
		{EFC3DDBE-EB58-4326-96CB-8EE1D400AC52}.Debug|Any CPU.Build.0 = Debug|Any CPU
		{EFC3DDBE-EB58-4326-96CB-8EE1D400AC52}.Release|Any CPU.ActiveCfg = Release|Any CPU
		{EFC3DDBE-EB58-4326-96CB-8EE1D400AC52}.Release|Any CPU.Build.0 = Release|Any CPU
	EndGlobalSection
	GlobalSection(SolutionProperties) = preSolution
		HideSolutionNode = FALSE
	EndGlobalSection
	GlobalSection(ExtensibilityGlobals) = postSolution
		SolutionGuid = {173D9BDE-4E51-418E-A58F-22DDE9E464E4}
	EndGlobalSection
EndGlobal
