
Microsoft Visual Studio Solution File, Format Version 12.00
# Visual Studio Version 17
VisualStudioVersion = 17.8.34511.84
MinimumVisualStudioVersion = 10.0.40219.1
Project("{FAE04EC0-301F-11D3-BF4B-00C04F79EFBC}") = "demo_validations", "demo_validations\demo_validations.csproj", "{8293CA5E-1302-4D70-9F69-9A9C86441D4F}"
EndProject
Global
	GlobalSection(SolutionConfigurationPlatforms) = preSolution
		Debug|Any CPU = Debug|Any CPU
		Release|Any CPU = Release|Any CPU
	EndGlobalSection
	GlobalSection(ProjectConfigurationPlatforms) = postSolution
		{8293CA5E-1302-4D70-9F69-9A9C86441D4F}.Debug|Any CPU.ActiveCfg = Debug|Any CPU
		{8293CA5E-1302-4D70-9F69-9A9C86441D4F}.Debug|Any CPU.Build.0 = Debug|Any CPU
		{8293CA5E-1302-4D70-9F69-9A9C86441D4F}.Release|Any CPU.ActiveCfg = Release|Any CPU
		{8293CA5E-1302-4D70-9F69-9A9C86441D4F}.Release|Any CPU.Build.0 = Release|Any CPU
	EndGlobalSection
	GlobalSection(SolutionProperties) = preSolution
		HideSolutionNode = FALSE
	EndGlobalSection
	GlobalSection(ExtensibilityGlobals) = postSolution
		SolutionGuid = {0490AA74-083C-415C-B3EA-5A20AD6F1923}
	EndGlobalSection
EndGlobal
