
Microsoft Visual Studio Solution File, Format Version 12.00
# Visual Studio Version 17
VisualStudioVersion = 17.8.34511.84
MinimumVisualStudioVersion = 10.0.40219.1
Project("{FAE04EC0-301F-11D3-BF4B-00C04F79EFBC}") = "demo_crud", "demo_crud\demo_crud.csproj", "{B4EB6A79-6771-4DE2-AF2F-7125F8C88066}"
EndProject
Global
	GlobalSection(SolutionConfigurationPlatforms) = preSolution
		Debug|Any CPU = Debug|Any CPU
		Release|Any CPU = Release|Any CPU
	EndGlobalSection
	GlobalSection(ProjectConfigurationPlatforms) = postSolution
		{B4EB6A79-6771-4DE2-AF2F-7125F8C88066}.Debug|Any CPU.ActiveCfg = Debug|Any CPU
		{B4EB6A79-6771-4DE2-AF2F-7125F8C88066}.Debug|Any CPU.Build.0 = Debug|Any CPU
		{B4EB6A79-6771-4DE2-AF2F-7125F8C88066}.Release|Any CPU.ActiveCfg = Release|Any CPU
		{B4EB6A79-6771-4DE2-AF2F-7125F8C88066}.Release|Any CPU.Build.0 = Release|Any CPU
	EndGlobalSection
	GlobalSection(SolutionProperties) = preSolution
		HideSolutionNode = FALSE
	EndGlobalSection
	GlobalSection(ExtensibilityGlobals) = postSolution
		SolutionGuid = {5BA485AF-A9AC-40EF-9277-5DEE32095193}
	EndGlobalSection
EndGlobal
