
Microsoft Visual Studio Solution File, Format Version 12.00
# Visual Studio Version 17
VisualStudioVersion = 17.8.34511.84
MinimumVisualStudioVersion = 10.0.40219.1
Project("{FAE04EC0-301F-11D3-BF4B-00C04F79EFBC}") = "demo_middleware", "demo_middleware\demo_middleware.csproj", "{E43ABFCC-00A8-463C-B190-B6B502D30AAB}"
EndProject
Global
	GlobalSection(SolutionConfigurationPlatforms) = preSolution
		Debug|Any CPU = Debug|Any CPU
		Release|Any CPU = Release|Any CPU
	EndGlobalSection
	GlobalSection(ProjectConfigurationPlatforms) = postSolution
		{E43ABFCC-00A8-463C-B190-B6B502D30AAB}.Debug|Any CPU.ActiveCfg = Debug|Any CPU
		{E43ABFCC-00A8-463C-B190-B6B502D30AAB}.Debug|Any CPU.Build.0 = Debug|Any CPU
		{E43ABFCC-00A8-463C-B190-B6B502D30AAB}.Release|Any CPU.ActiveCfg = Release|Any CPU
		{E43ABFCC-00A8-463C-B190-B6B502D30AAB}.Release|Any CPU.Build.0 = Release|Any CPU
	EndGlobalSection
	GlobalSection(SolutionProperties) = preSolution
		HideSolutionNode = FALSE
	EndGlobalSection
	GlobalSection(ExtensibilityGlobals) = postSolution
		SolutionGuid = {C61FD544-86DA-41A8-88D2-FAA89FFBC7FB}
	EndGlobalSection
EndGlobal
