
Microsoft Visual Studio Solution File, Format Version 12.00
# Visual Studio Version 17
VisualStudioVersion = 17.8.34511.84
MinimumVisualStudioVersion = 10.0.40219.1
Project("{FAE04EC0-301F-11D3-BF4B-00C04F79EFBC}") = "teamproject_Pattern", "teamproject_Pattern\teamproject_Pattern.csproj", "{5C6E2E48-65EB-4BDD-A411-DB044195D9B0}"
EndProject
Project("{FAE04EC0-301F-11D3-BF4B-00C04F79EFBC}") = "teamproject_Service", "teamproject_Service\teamproject_Service.csproj", "{D43CD031-0768-4E86-BD47-8D0345D0816D}"
EndProject
Project("{FAE04EC0-301F-11D3-BF4B-00C04F79EFBC}") = "teamproject_Repository", "teamproject_Repository\teamproject_Repository.csproj", "{384065EC-BF01-4AC9-ADF9-2C795D519A4F}"
EndProject
Project("{FAE04EC0-301F-11D3-BF4B-00C04F79EFBC}") = "teamproject.Repository", "teamproject.Repository\teamproject.Repository.csproj", "{403B91A8-E437-454A-B9B5-D147BB91F928}"
EndProject
Project("{FAE04EC0-301F-11D3-BF4B-00C04F79EFBC}") = "teamproject.Service", "teamproject.Service\teamproject.Service.csproj", "{7E39721F-E078-4828-99F8-7480BE4BD6E3}"
EndProject
Global
	GlobalSection(SolutionConfigurationPlatforms) = preSolution
		Debug|Any CPU = Debug|Any CPU
		Release|Any CPU = Release|Any CPU
	EndGlobalSection
	GlobalSection(ProjectConfigurationPlatforms) = postSolution
		{5C6E2E48-65EB-4BDD-A411-DB044195D9B0}.Debug|Any CPU.ActiveCfg = Debug|Any CPU
		{5C6E2E48-65EB-4BDD-A411-DB044195D9B0}.Debug|Any CPU.Build.0 = Debug|Any CPU
		{5C6E2E48-65EB-4BDD-A411-DB044195D9B0}.Release|Any CPU.ActiveCfg = Release|Any CPU
		{5C6E2E48-65EB-4BDD-A411-DB044195D9B0}.Release|Any CPU.Build.0 = Release|Any CPU
		{D43CD031-0768-4E86-BD47-8D0345D0816D}.Debug|Any CPU.ActiveCfg = Debug|Any CPU
		{D43CD031-0768-4E86-BD47-8D0345D0816D}.Debug|Any CPU.Build.0 = Debug|Any CPU
		{D43CD031-0768-4E86-BD47-8D0345D0816D}.Release|Any CPU.ActiveCfg = Release|Any CPU
		{D43CD031-0768-4E86-BD47-8D0345D0816D}.Release|Any CPU.Build.0 = Release|Any CPU
		{384065EC-BF01-4AC9-ADF9-2C795D519A4F}.Debug|Any CPU.ActiveCfg = Debug|Any CPU
		{384065EC-BF01-4AC9-ADF9-2C795D519A4F}.Debug|Any CPU.Build.0 = Debug|Any CPU
		{384065EC-BF01-4AC9-ADF9-2C795D519A4F}.Release|Any CPU.ActiveCfg = Release|Any CPU
		{384065EC-BF01-4AC9-ADF9-2C795D519A4F}.Release|Any CPU.Build.0 = Release|Any CPU
		{403B91A8-E437-454A-B9B5-D147BB91F928}.Debug|Any CPU.ActiveCfg = Debug|Any CPU
		{403B91A8-E437-454A-B9B5-D147BB91F928}.Debug|Any CPU.Build.0 = Debug|Any CPU
		{403B91A8-E437-454A-B9B5-D147BB91F928}.Release|Any CPU.ActiveCfg = Release|Any CPU
		{403B91A8-E437-454A-B9B5-D147BB91F928}.Release|Any CPU.Build.0 = Release|Any CPU
		{7E39721F-E078-4828-99F8-7480BE4BD6E3}.Debug|Any CPU.ActiveCfg = Debug|Any CPU
		{7E39721F-E078-4828-99F8-7480BE4BD6E3}.Debug|Any CPU.Build.0 = Debug|Any CPU
		{7E39721F-E078-4828-99F8-7480BE4BD6E3}.Release|Any CPU.ActiveCfg = Release|Any CPU
		{7E39721F-E078-4828-99F8-7480BE4BD6E3}.Release|Any CPU.Build.0 = Release|Any CPU
	EndGlobalSection
	GlobalSection(SolutionProperties) = preSolution
		HideSolutionNode = FALSE
	EndGlobalSection
	GlobalSection(ExtensibilityGlobals) = postSolution
		SolutionGuid = {F8A4030E-FCC1-4920-B9D6-D2D41C4A3E32}
	EndGlobalSection
EndGlobal
